
Microsoft Visual Studio Solution File, Format Version 12.00
# Visual Studio Version 17
VisualStudioVersion = 17.8.34309.116
MinimumVisualStudioVersion = 10.0.40219.1
Project("{FAE04EC0-301F-11D3-BF4B-00C04F79EFBC}") = "MyQR", "MyQR.csproj", "{4DFDC0F5-986C-4D27-ACE6-0FD20C361EF1}"
EndProject
Global
	GlobalSection(SolutionConfigurationPlatforms) = preSolution
		Debug|Any CPU = Debug|Any CPU
		Release|Any CPU = Release|Any CPU
	EndGlobalSection
	GlobalSection(ProjectConfigurationPlatforms) = postSolution
		{4DFDC0F5-986C-4D27-ACE6-0FD20C361EF1}.Debug|Any CPU.ActiveCfg = Debug|Any CPU
		{4DFDC0F5-986C-4D27-ACE6-0FD20C361EF1}.Debug|Any CPU.Build.0 = Debug|Any CPU
		{4DFDC0F5-986C-4D27-ACE6-0FD20C361EF1}.Release|Any CPU.ActiveCfg = Release|Any CPU
		{4DFDC0F5-986C-4D27-ACE6-0FD20C361EF1}.Release|Any CPU.Build.0 = Release|Any CPU
	EndGlobalSection
	GlobalSection(SolutionProperties) = preSolution
		HideSolutionNode = FALSE
	EndGlobalSection
	GlobalSection(ExtensibilityGlobals) = postSolution
		SolutionGuid = {69FDA30B-F90E-4A27-886D-130409C20E84}
	EndGlobalSection
EndGlobal
